
Microsoft Visual Studio Solution File, Format Version 12.00
# Visual Studio Version 16
VisualStudioVersion = 16.0.30011.22
MinimumVisualStudioVersion = 10.0.40219.1
Project("{FAE04EC0-301F-11D3-BF4B-00C04F79EFBC}") = "DevFramework.Core", "DevFramework.Core\DevFramework.Core.csproj", "{056A425A-BE10-4AE8-A3EF-956973D6E3E8}"
EndProject
Project("{FAE04EC0-301F-11D3-BF4B-00C04F79EFBC}") = "DevFramework.Northwind.Entities", "DevFramework.Northwind.Entities\DevFramework.Northwind.Entities.csproj", "{4C3271E5-8A46-4DE5-A548-7163F4D95F00}"
EndProject
Project("{FAE04EC0-301F-11D3-BF4B-00C04F79EFBC}") = "DevFramework.Northwind.DataAccess", "DevFramework.Northwind.DataAccess\DevFramework.Northwind.DataAccess.csproj", "{3AE8E729-29FF-46A3-AC88-E933222C5FCE}"
EndProject
Project("{FAE04EC0-301F-11D3-BF4B-00C04F79EFBC}") = "DevFramework.Northwind.Business", "DevFramework.Northwind.Business\DevFramework.Northwind.Business.csproj", "{028EB670-34E0-46A2-9367-208ED1073E34}"
EndProject
Project("{FAE04EC0-301F-11D3-BF4B-00C04F79EFBC}") = "DevFramework.Northwind.MvcWebUI", "DevFramework.Northwind.MvcWebUI\DevFramework.Northwind.MvcWebUI.csproj", "{C8967E97-CBFF-4C21-8AB2-B65E6C02F535}"
EndProject
Project("{FAE04EC0-301F-11D3-BF4B-00C04F79EFBC}") = "DevFramework.Northwind.MvcWebUI.Tests", "DevFramework.Northwind.MvcWebUI.Tests\DevFramework.Northwind.MvcWebUI.Tests.csproj", "{261F9169-A78B-4DF7-A03B-BE294E6A837B}"
EndProject
Project("{FAE04EC0-301F-11D3-BF4B-00C04F79EFBC}") = "DevFramework.Northwind.Business.Tests", "DevFramework.Northwind.Business.Tests\DevFramework.Northwind.Business.Tests.csproj", "{3FEF2403-3863-4A0C-9CB6-E2663FC74AB7}"
EndProject
Project("{FAE04EC0-301F-11D3-BF4B-00C04F79EFBC}") = "DevFramework.Northwind.DataAccess.Tests", "DevFramework.Northwind.DataAccess.Tests\DevFramework.Northwind.DataAccess.Tests.csproj", "{12C2812B-C1D0-45C0-9B3F-78A060558985}"
EndProject
Project("{FAE04EC0-301F-11D3-BF4B-00C04F79EFBC}") = "DevFramework.Northwind.WebApi", "DevFramework.Northwind.WebApi\DevFramework.Northwind.WebApi.csproj", "{8C6006AB-7895-43F0-BFFB-3B5F10358B98}"
EndProject
Project("{E24C65DC-7377-472B-9ABA-BC803B73C61A}") = "DevFramework.Northwind.WcfService", "DevFramework.Northwind.WcfService\", "{43DEF187-127D-4A17-A3F7-955BD2D11208}"
	ProjectSection(WebsiteProperties) = preProject
		TargetFrameworkMoniker = ".NETFramework,Version%3Dv4.6.1"
		Debug.AspNetCompiler.VirtualPath = "/localhost_64141"
		Debug.AspNetCompiler.PhysicalPath = "DevFramework.Northwind.WcfService\"
		Debug.AspNetCompiler.TargetPath = "PrecompiledWeb\localhost_64141\"
		Debug.AspNetCompiler.Updateable = "true"
		Debug.AspNetCompiler.ForceOverwrite = "true"
		Debug.AspNetCompiler.FixedNames = "false"
		Debug.AspNetCompiler.Debug = "True"
		Release.AspNetCompiler.VirtualPath = "/localhost_64141"
		Release.AspNetCompiler.PhysicalPath = "DevFramework.Northwind.WcfService\"
		Release.AspNetCompiler.TargetPath = "PrecompiledWeb\localhost_64141\"
		Release.AspNetCompiler.Updateable = "true"
		Release.AspNetCompiler.ForceOverwrite = "true"
		Release.AspNetCompiler.FixedNames = "false"
		Release.AspNetCompiler.Debug = "False"
		VWDPort = "64141"
		SlnRelativePath = "DevFramework.Northwind.WcfService\"
		DefaultWebSiteLanguage = "Visual C#"
	EndProjectSection
EndProject
Global
	GlobalSection(SolutionConfigurationPlatforms) = preSolution
		Debug|Any CPU = Debug|Any CPU
		Release|Any CPU = Release|Any CPU
	EndGlobalSection
	GlobalSection(ProjectConfigurationPlatforms) = postSolution
		{056A425A-BE10-4AE8-A3EF-956973D6E3E8}.Debug|Any CPU.ActiveCfg = Debug|Any CPU
		{056A425A-BE10-4AE8-A3EF-956973D6E3E8}.Debug|Any CPU.Build.0 = Debug|Any CPU
		{056A425A-BE10-4AE8-A3EF-956973D6E3E8}.Release|Any CPU.ActiveCfg = Release|Any CPU
		{056A425A-BE10-4AE8-A3EF-956973D6E3E8}.Release|Any CPU.Build.0 = Release|Any CPU
		{4C3271E5-8A46-4DE5-A548-7163F4D95F00}.Debug|Any CPU.ActiveCfg = Debug|Any CPU
		{4C3271E5-8A46-4DE5-A548-7163F4D95F00}.Debug|Any CPU.Build.0 = Debug|Any CPU
		{4C3271E5-8A46-4DE5-A548-7163F4D95F00}.Release|Any CPU.ActiveCfg = Release|Any CPU
		{4C3271E5-8A46-4DE5-A548-7163F4D95F00}.Release|Any CPU.Build.0 = Release|Any CPU
		{3AE8E729-29FF-46A3-AC88-E933222C5FCE}.Debug|Any CPU.ActiveCfg = Debug|Any CPU
		{3AE8E729-29FF-46A3-AC88-E933222C5FCE}.Debug|Any CPU.Build.0 = Debug|Any CPU
		{3AE8E729-29FF-46A3-AC88-E933222C5FCE}.Release|Any CPU.ActiveCfg = Release|Any CPU
		{3AE8E729-29FF-46A3-AC88-E933222C5FCE}.Release|Any CPU.Build.0 = Release|Any CPU
		{028EB670-34E0-46A2-9367-208ED1073E34}.Debug|Any CPU.ActiveCfg = Debug|Any CPU
		{028EB670-34E0-46A2-9367-208ED1073E34}.Debug|Any CPU.Build.0 = Debug|Any CPU
		{028EB670-34E0-46A2-9367-208ED1073E34}.Release|Any CPU.ActiveCfg = Release|Any CPU
		{028EB670-34E0-46A2-9367-208ED1073E34}.Release|Any CPU.Build.0 = Release|Any CPU
		{C8967E97-CBFF-4C21-8AB2-B65E6C02F535}.Debug|Any CPU.ActiveCfg = Debug|Any CPU
		{C8967E97-CBFF-4C21-8AB2-B65E6C02F535}.Debug|Any CPU.Build.0 = Debug|Any CPU
		{C8967E97-CBFF-4C21-8AB2-B65E6C02F535}.Release|Any CPU.ActiveCfg = Release|Any CPU
		{C8967E97-CBFF-4C21-8AB2-B65E6C02F535}.Release|Any CPU.Build.0 = Release|Any CPU
		{261F9169-A78B-4DF7-A03B-BE294E6A837B}.Debug|Any CPU.ActiveCfg = Debug|Any CPU
		{261F9169-A78B-4DF7-A03B-BE294E6A837B}.Debug|Any CPU.Build.0 = Debug|Any CPU
		{261F9169-A78B-4DF7-A03B-BE294E6A837B}.Release|Any CPU.ActiveCfg = Release|Any CPU
		{261F9169-A78B-4DF7-A03B-BE294E6A837B}.Release|Any CPU.Build.0 = Release|Any CPU
		{3FEF2403-3863-4A0C-9CB6-E2663FC74AB7}.Debug|Any CPU.ActiveCfg = Debug|Any CPU
		{3FEF2403-3863-4A0C-9CB6-E2663FC74AB7}.Debug|Any CPU.Build.0 = Debug|Any CPU
		{3FEF2403-3863-4A0C-9CB6-E2663FC74AB7}.Release|Any CPU.ActiveCfg = Release|Any CPU
		{3FEF2403-3863-4A0C-9CB6-E2663FC74AB7}.Release|Any CPU.Build.0 = Release|Any CPU
		{12C2812B-C1D0-45C0-9B3F-78A060558985}.Debug|Any CPU.ActiveCfg = Debug|Any CPU
		{12C2812B-C1D0-45C0-9B3F-78A060558985}.Debug|Any CPU.Build.0 = Debug|Any CPU
		{12C2812B-C1D0-45C0-9B3F-78A060558985}.Release|Any CPU.ActiveCfg = Release|Any CPU
		{12C2812B-C1D0-45C0-9B3F-78A060558985}.Release|Any CPU.Build.0 = Release|Any CPU
		{8C6006AB-7895-43F0-BFFB-3B5F10358B98}.Debug|Any CPU.ActiveCfg = Debug|Any CPU
		{8C6006AB-7895-43F0-BFFB-3B5F10358B98}.Debug|Any CPU.Build.0 = Debug|Any CPU
		{8C6006AB-7895-43F0-BFFB-3B5F10358B98}.Release|Any CPU.ActiveCfg = Release|Any CPU
		{8C6006AB-7895-43F0-BFFB-3B5F10358B98}.Release|Any CPU.Build.0 = Release|Any CPU
		{43DEF187-127D-4A17-A3F7-955BD2D11208}.Debug|Any CPU.ActiveCfg = Debug|Any CPU
		{43DEF187-127D-4A17-A3F7-955BD2D11208}.Debug|Any CPU.Build.0 = Debug|Any CPU
		{43DEF187-127D-4A17-A3F7-955BD2D11208}.Release|Any CPU.ActiveCfg = Debug|Any CPU
		{43DEF187-127D-4A17-A3F7-955BD2D11208}.Release|Any CPU.Build.0 = Debug|Any CPU
	EndGlobalSection
	GlobalSection(SolutionProperties) = preSolution
		HideSolutionNode = FALSE
	EndGlobalSection
	GlobalSection(ExtensibilityGlobals) = postSolution
		SolutionGuid = {AE6CAB03-BCC6-497E-99DB-38FD0A55BB95}
	EndGlobalSection
EndGlobal
